
Microsoft Visual Studio Solution File, Format Version 12.00
Project("{FAE04EC0-301F-11D3-BF4B-00C04F79EFBC}") = "Contracts", "Contracts\Contracts.csproj", "{E02DBD9D-9B52-4D8B-91FA-E27051DD7C43}"
EndProject
Project("{FAE04EC0-301F-11D3-BF4B-00C04F79EFBC}") = "GuildStashCore", "GuildStashCore\GuildStashCore.csproj", "{4D69044D-7231-4723-AEB3-7FB0EFDAC118}"
EndProject
Project("{FAE04EC0-301F-11D3-BF4B-00C04F79EFBC}") = "GuildStashCoreTests", "GuildStashCoreTests\GuildStashCoreTests.csproj", "{63C81102-F5AD-47AB-B686-F58B3052CC28}"
EndProject
Project("{FAE04EC0-301F-11D3-BF4B-00C04F79EFBC}") = "PersistenceSupabase", "PersistenceSupabase\PersistenceSupabase.csproj", "{A425EF33-5D43-482B-A5DF-A56CF0EAECEE}"
EndProject
Project("{FAE04EC0-301F-11D3-BF4B-00C04F79EFBC}") = "Charsheet.CommonModel", "Charsheet.CommonModel\Charsheet.CommonModel.csproj", "{30BD033A-F9A4-4C03-9D00-A68EA0AEAA79}"
EndProject
Project("{FAE04EC0-301F-11D3-BF4B-00C04F79EFBC}") = "Charsheet.GenerationTests", "Charsheet.GenerationTests\Charsheet.GenerationTests.csproj", "{94CBB433-CE31-489C-BAF2-E435BCBE25D2}"
EndProject
Project("{FAE04EC0-301F-11D3-BF4B-00C04F79EFBC}") = "Charsheet.Mechanics", "Charsheet.Mechanics\Charsheet.Mechanics.csproj", "{D3462F22-0857-468B-9C6B-C28A82262441}"
EndProject
Project("{FAE04EC0-301F-11D3-BF4B-00C04F79EFBC}") = "Charsheet.PdfGeneration", "Charsheet.PdfGeneration\Charsheet.PdfGeneration.csproj", "{981D2AB5-2B42-47F0-9033-6B120FEE7B2B}"
EndProject
Project("{FAE04EC0-301F-11D3-BF4B-00C04F79EFBC}") = "Charsheet.Charbuilder", "Charsheet.Charbuilder\Charsheet.Charbuilder.csproj", "{EE0DF769-FF91-449D-B363-7B8BF251C572}"
EndProject
Project("{2150E333-8FDC-42A3-9474-1A3956D46DE8}") = "Charsheet", "Charsheet", "{CE72D722-E32B-4955-B636-3B40346CD233}"
EndProject
Project("{2150E333-8FDC-42A3-9474-1A3956D46DE8}") = "GuildStash", "GuildStash", "{6A8A4FEB-913C-4947-A406-00E32849B226}"
EndProject
Project("{FAE04EC0-301F-11D3-BF4B-00C04F79EFBC}") = "GuildStash.UI", "GuildStash.UI\GuildStash.UI.csproj", "{25350A08-9B21-4872-A7CB-31713A6CEEC1}"
EndProject
Project("{FAE04EC0-301F-11D3-BF4B-00C04F79EFBC}") = "TavernTools.Main", "TavernTools.Main\TavernTools.Main.csproj", "{8466A913-1A71-43A8-B5EB-A4C1BD46099B}"
EndProject
Project("{FAE04EC0-301F-11D3-BF4B-00C04F79EFBC}") = "TavernTools.UI", "TavernTools.UI\TavernTools.UI.csproj", "{1A86C90E-CFB9-4DC2-8C45-9F7E458AA1B3}"
EndProject
Project("{FAE04EC0-301F-11D3-BF4B-00C04F79EFBC}") = "Charsheet.UI", "Charsheet.UI\Charsheet.UI.csproj", "{247419DF-F4C9-4E0A-9712-CC13BA12C06A}"
EndProject
Project("{FAE04EC0-301F-11D3-BF4B-00C04F79EFBC}") = "Charsheet.ExampleChars", "Charsheet.ExampleChars\Charsheet.ExampleChars.csproj", "{E747D253-323F-43D9-94E2-5EDE2024256C}"
EndProject
Project("{2150E333-8FDC-42A3-9474-1A3956D46DE8}") = "CraftingPrices", "CraftingPrices", "{7DAC3611-1CF7-4886-A538-506AB853E0D5}"
EndProject
Project("{FAE04EC0-301F-11D3-BF4B-00C04F79EFBC}") = "CraftingPrices.UI", "CraftingPrices.UI\CraftingPrices.UI.csproj", "{8FD64449-87A1-45DB-9B05-56A7B4A02BB9}"
EndProject
Global
	GlobalSection(SolutionConfigurationPlatforms) = preSolution
		Debug|Any CPU = Debug|Any CPU
		Release|Any CPU = Release|Any CPU
	EndGlobalSection
	GlobalSection(ProjectConfigurationPlatforms) = postSolution
		{E02DBD9D-9B52-4D8B-91FA-E27051DD7C43}.Debug|Any CPU.ActiveCfg = Debug|Any CPU
		{E02DBD9D-9B52-4D8B-91FA-E27051DD7C43}.Debug|Any CPU.Build.0 = Debug|Any CPU
		{E02DBD9D-9B52-4D8B-91FA-E27051DD7C43}.Release|Any CPU.ActiveCfg = Release|Any CPU
		{E02DBD9D-9B52-4D8B-91FA-E27051DD7C43}.Release|Any CPU.Build.0 = Release|Any CPU
		{4D69044D-7231-4723-AEB3-7FB0EFDAC118}.Debug|Any CPU.ActiveCfg = Debug|Any CPU
		{4D69044D-7231-4723-AEB3-7FB0EFDAC118}.Debug|Any CPU.Build.0 = Debug|Any CPU
		{4D69044D-7231-4723-AEB3-7FB0EFDAC118}.Release|Any CPU.ActiveCfg = Release|Any CPU
		{4D69044D-7231-4723-AEB3-7FB0EFDAC118}.Release|Any CPU.Build.0 = Release|Any CPU
		{63C81102-F5AD-47AB-B686-F58B3052CC28}.Debug|Any CPU.ActiveCfg = Debug|Any CPU
		{63C81102-F5AD-47AB-B686-F58B3052CC28}.Debug|Any CPU.Build.0 = Debug|Any CPU
		{63C81102-F5AD-47AB-B686-F58B3052CC28}.Release|Any CPU.ActiveCfg = Release|Any CPU
		{63C81102-F5AD-47AB-B686-F58B3052CC28}.Release|Any CPU.Build.0 = Release|Any CPU
		{A425EF33-5D43-482B-A5DF-A56CF0EAECEE}.Debug|Any CPU.ActiveCfg = Debug|Any CPU
		{A425EF33-5D43-482B-A5DF-A56CF0EAECEE}.Debug|Any CPU.Build.0 = Debug|Any CPU
		{A425EF33-5D43-482B-A5DF-A56CF0EAECEE}.Release|Any CPU.ActiveCfg = Release|Any CPU
		{A425EF33-5D43-482B-A5DF-A56CF0EAECEE}.Release|Any CPU.Build.0 = Release|Any CPU
		{30BD033A-F9A4-4C03-9D00-A68EA0AEAA79}.Debug|Any CPU.ActiveCfg = Debug|Any CPU
		{30BD033A-F9A4-4C03-9D00-A68EA0AEAA79}.Debug|Any CPU.Build.0 = Debug|Any CPU
		{30BD033A-F9A4-4C03-9D00-A68EA0AEAA79}.Release|Any CPU.ActiveCfg = Release|Any CPU
		{30BD033A-F9A4-4C03-9D00-A68EA0AEAA79}.Release|Any CPU.Build.0 = Release|Any CPU
		{94CBB433-CE31-489C-BAF2-E435BCBE25D2}.Debug|Any CPU.ActiveCfg = Debug|Any CPU
		{94CBB433-CE31-489C-BAF2-E435BCBE25D2}.Debug|Any CPU.Build.0 = Debug|Any CPU
		{94CBB433-CE31-489C-BAF2-E435BCBE25D2}.Release|Any CPU.ActiveCfg = Release|Any CPU
		{94CBB433-CE31-489C-BAF2-E435BCBE25D2}.Release|Any CPU.Build.0 = Release|Any CPU
		{D3462F22-0857-468B-9C6B-C28A82262441}.Debug|Any CPU.ActiveCfg = Debug|Any CPU
		{D3462F22-0857-468B-9C6B-C28A82262441}.Debug|Any CPU.Build.0 = Debug|Any CPU
		{D3462F22-0857-468B-9C6B-C28A82262441}.Release|Any CPU.ActiveCfg = Release|Any CPU
		{D3462F22-0857-468B-9C6B-C28A82262441}.Release|Any CPU.Build.0 = Release|Any CPU
		{981D2AB5-2B42-47F0-9033-6B120FEE7B2B}.Debug|Any CPU.ActiveCfg = Debug|Any CPU
		{981D2AB5-2B42-47F0-9033-6B120FEE7B2B}.Debug|Any CPU.Build.0 = Debug|Any CPU
		{981D2AB5-2B42-47F0-9033-6B120FEE7B2B}.Release|Any CPU.ActiveCfg = Release|Any CPU
		{981D2AB5-2B42-47F0-9033-6B120FEE7B2B}.Release|Any CPU.Build.0 = Release|Any CPU
		{EE0DF769-FF91-449D-B363-7B8BF251C572}.Debug|Any CPU.ActiveCfg = Debug|Any CPU
		{EE0DF769-FF91-449D-B363-7B8BF251C572}.Debug|Any CPU.Build.0 = Debug|Any CPU
		{EE0DF769-FF91-449D-B363-7B8BF251C572}.Release|Any CPU.ActiveCfg = Release|Any CPU
		{EE0DF769-FF91-449D-B363-7B8BF251C572}.Release|Any CPU.Build.0 = Release|Any CPU
		{25350A08-9B21-4872-A7CB-31713A6CEEC1}.Debug|Any CPU.ActiveCfg = Debug|Any CPU
		{25350A08-9B21-4872-A7CB-31713A6CEEC1}.Debug|Any CPU.Build.0 = Debug|Any CPU
		{25350A08-9B21-4872-A7CB-31713A6CEEC1}.Release|Any CPU.ActiveCfg = Release|Any CPU
		{25350A08-9B21-4872-A7CB-31713A6CEEC1}.Release|Any CPU.Build.0 = Release|Any CPU
		{8466A913-1A71-43A8-B5EB-A4C1BD46099B}.Debug|Any CPU.ActiveCfg = Debug|Any CPU
		{8466A913-1A71-43A8-B5EB-A4C1BD46099B}.Debug|Any CPU.Build.0 = Debug|Any CPU
		{8466A913-1A71-43A8-B5EB-A4C1BD46099B}.Release|Any CPU.ActiveCfg = Release|Any CPU
		{8466A913-1A71-43A8-B5EB-A4C1BD46099B}.Release|Any CPU.Build.0 = Release|Any CPU
		{1A86C90E-CFB9-4DC2-8C45-9F7E458AA1B3}.Debug|Any CPU.ActiveCfg = Debug|Any CPU
		{1A86C90E-CFB9-4DC2-8C45-9F7E458AA1B3}.Debug|Any CPU.Build.0 = Debug|Any CPU
		{1A86C90E-CFB9-4DC2-8C45-9F7E458AA1B3}.Release|Any CPU.ActiveCfg = Release|Any CPU
		{1A86C90E-CFB9-4DC2-8C45-9F7E458AA1B3}.Release|Any CPU.Build.0 = Release|Any CPU
		{247419DF-F4C9-4E0A-9712-CC13BA12C06A}.Debug|Any CPU.ActiveCfg = Debug|Any CPU
		{247419DF-F4C9-4E0A-9712-CC13BA12C06A}.Debug|Any CPU.Build.0 = Debug|Any CPU
		{247419DF-F4C9-4E0A-9712-CC13BA12C06A}.Release|Any CPU.ActiveCfg = Release|Any CPU
		{247419DF-F4C9-4E0A-9712-CC13BA12C06A}.Release|Any CPU.Build.0 = Release|Any CPU
		{E747D253-323F-43D9-94E2-5EDE2024256C}.Debug|Any CPU.ActiveCfg = Debug|Any CPU
		{E747D253-323F-43D9-94E2-5EDE2024256C}.Debug|Any CPU.Build.0 = Debug|Any CPU
		{E747D253-323F-43D9-94E2-5EDE2024256C}.Release|Any CPU.ActiveCfg = Release|Any CPU
		{E747D253-323F-43D9-94E2-5EDE2024256C}.Release|Any CPU.Build.0 = Release|Any CPU
		{8FD64449-87A1-45DB-9B05-56A7B4A02BB9}.Debug|Any CPU.ActiveCfg = Debug|Any CPU
		{8FD64449-87A1-45DB-9B05-56A7B4A02BB9}.Debug|Any CPU.Build.0 = Debug|Any CPU
		{8FD64449-87A1-45DB-9B05-56A7B4A02BB9}.Release|Any CPU.ActiveCfg = Release|Any CPU
		{8FD64449-87A1-45DB-9B05-56A7B4A02BB9}.Release|Any CPU.Build.0 = Release|Any CPU
	EndGlobalSection
	GlobalSection(NestedProjects) = preSolution
		{EE0DF769-FF91-449D-B363-7B8BF251C572} = {CE72D722-E32B-4955-B636-3B40346CD233}
		{30BD033A-F9A4-4C03-9D00-A68EA0AEAA79} = {CE72D722-E32B-4955-B636-3B40346CD233}
		{94CBB433-CE31-489C-BAF2-E435BCBE25D2} = {CE72D722-E32B-4955-B636-3B40346CD233}
		{D3462F22-0857-468B-9C6B-C28A82262441} = {CE72D722-E32B-4955-B636-3B40346CD233}
		{981D2AB5-2B42-47F0-9033-6B120FEE7B2B} = {CE72D722-E32B-4955-B636-3B40346CD233}
		{4D69044D-7231-4723-AEB3-7FB0EFDAC118} = {6A8A4FEB-913C-4947-A406-00E32849B226}
		{63C81102-F5AD-47AB-B686-F58B3052CC28} = {6A8A4FEB-913C-4947-A406-00E32849B226}
		{25350A08-9B21-4872-A7CB-31713A6CEEC1} = {6A8A4FEB-913C-4947-A406-00E32849B226}
		{247419DF-F4C9-4E0A-9712-CC13BA12C06A} = {CE72D722-E32B-4955-B636-3B40346CD233}
		{E747D253-323F-43D9-94E2-5EDE2024256C} = {CE72D722-E32B-4955-B636-3B40346CD233}
		{8FD64449-87A1-45DB-9B05-56A7B4A02BB9} = {7DAC3611-1CF7-4886-A538-506AB853E0D5}
	EndGlobalSection
EndGlobal
